{
  "name": "JScode",
  "lockfileVersion": 2,
  "requires": true,
  "packages": {
    "": {
      "dependencies": {
        "jsmaths": "^1.0.5"
      }
    },
    "node_modules/jsmaths": {
      "version": "1.0.5",
      "resolved": "https://registry.npmjs.org/jsmaths/-/jsmaths-1.0.5.tgz",
      "integrity": "sha512-Vu9jHIMnagzi2MCUa8FCvzTDlhhyuwbexmMvGWtz+b9MXQo9KLdt31fdJNH/j4oV9Ice97FRfPu8TGzyDgpIdA=="
    }
  },
  "dependencies": {
    "jsmaths": {
      "version": "1.0.5",
      "resolved": "https://registry.npmjs.org/jsmaths/-/jsmaths-1.0.5.tgz",
      "integrity": "sha512-Vu9jHIMnagzi2MCUa8FCvzTDlhhyuwbexmMvGWtz+b9MXQo9KLdt31fdJNH/j4oV9Ice97FRfPu8TGzyDgpIdA=="
    }
  }
}
